
Microsoft Visual Studio Solution File, Format Version 12.00
# Visual Studio Version 17
VisualStudioVersion = 17.14.36603.0 d17.14
MinimumVisualStudioVersion = 10.0.40219.1
Project("{FAE04EC0-301F-11D3-BF4B-00C04F79EFBC}") = "SmartRecruit.Domain", "SmartRecruit.Domain\SmartRecruit.Domain.csproj", "{0D71020A-E9D6-4E7D-9E55-E0C2D71FEE35}"
EndProject
Project("{FAE04EC0-301F-11D3-BF4B-00C04F79EFBC}") = "SmartRecruit.Application", "SmartRecruit.Application\SmartRecruit.Application.csproj", "{9273278C-474E-437B-A3B5-B2CCA63A2E24}"
EndProject
Project("{FAE04EC0-301F-11D3-BF4B-00C04F79EFBC}") = "SmartRecruit.Infrastructure", "SmartRecruit.Infrastructure\SmartRecruit.Infrastructure.csproj", "{FB435DD2-3A67-4458-8A51-367723F879B2}"
EndProject
Project("{FAE04EC0-301F-11D3-BF4B-00C04F79EFBC}") = "SmartRecruit.API", "SmartRecruit.API\SmartRecruit.API.csproj", "{D2271360-CFF9-4EB0-8D59-FADC06CEE6A3}"
EndProject
Project("{FAE04EC0-301F-11D3-BF4B-00C04F79EFBC}") = "SmartRecruit.WebPortal", "SmartRecruit.WebPortal\SmartRecruit.WebPortal.csproj", "{007FD435-9E0D-4E43-ADBF-E2854460C5BE}"
EndProject
Global
	GlobalSection(SolutionConfigurationPlatforms) = preSolution
		Debug|Any CPU = Debug|Any CPU
		Release|Any CPU = Release|Any CPU
	EndGlobalSection
	GlobalSection(ProjectConfigurationPlatforms) = postSolution
		{0D71020A-E9D6-4E7D-9E55-E0C2D71FEE35}.Debug|Any CPU.ActiveCfg = Debug|Any CPU
		{0D71020A-E9D6-4E7D-9E55-E0C2D71FEE35}.Debug|Any CPU.Build.0 = Debug|Any CPU
		{0D71020A-E9D6-4E7D-9E55-E0C2D71FEE35}.Release|Any CPU.ActiveCfg = Release|Any CPU
		{0D71020A-E9D6-4E7D-9E55-E0C2D71FEE35}.Release|Any CPU.Build.0 = Release|Any CPU
		{9273278C-474E-437B-A3B5-B2CCA63A2E24}.Debug|Any CPU.ActiveCfg = Debug|Any CPU
		{9273278C-474E-437B-A3B5-B2CCA63A2E24}.Debug|Any CPU.Build.0 = Debug|Any CPU
		{9273278C-474E-437B-A3B5-B2CCA63A2E24}.Release|Any CPU.ActiveCfg = Release|Any CPU
		{9273278C-474E-437B-A3B5-B2CCA63A2E24}.Release|Any CPU.Build.0 = Release|Any CPU
		{FB435DD2-3A67-4458-8A51-367723F879B2}.Debug|Any CPU.ActiveCfg = Debug|Any CPU
		{FB435DD2-3A67-4458-8A51-367723F879B2}.Debug|Any CPU.Build.0 = Debug|Any CPU
		{FB435DD2-3A67-4458-8A51-367723F879B2}.Release|Any CPU.ActiveCfg = Release|Any CPU
		{FB435DD2-3A67-4458-8A51-367723F879B2}.Release|Any CPU.Build.0 = Release|Any CPU
		{D2271360-CFF9-4EB0-8D59-FADC06CEE6A3}.Debug|Any CPU.ActiveCfg = Debug|Any CPU
		{D2271360-CFF9-4EB0-8D59-FADC06CEE6A3}.Debug|Any CPU.Build.0 = Debug|Any CPU
		{D2271360-CFF9-4EB0-8D59-FADC06CEE6A3}.Release|Any CPU.ActiveCfg = Release|Any CPU
		{D2271360-CFF9-4EB0-8D59-FADC06CEE6A3}.Release|Any CPU.Build.0 = Release|Any CPU
		{007FD435-9E0D-4E43-ADBF-E2854460C5BE}.Debug|Any CPU.ActiveCfg = Debug|Any CPU
		{007FD435-9E0D-4E43-ADBF-E2854460C5BE}.Debug|Any CPU.Build.0 = Debug|Any CPU
		{007FD435-9E0D-4E43-ADBF-E2854460C5BE}.Release|Any CPU.ActiveCfg = Release|Any CPU
		{007FD435-9E0D-4E43-ADBF-E2854460C5BE}.Release|Any CPU.Build.0 = Release|Any CPU
	EndGlobalSection
	GlobalSection(SolutionProperties) = preSolution
		HideSolutionNode = FALSE
	EndGlobalSection
	GlobalSection(ExtensibilityGlobals) = postSolution
		SolutionGuid = {D94469EC-75B7-496F-A43D-75CB8D0C23D0}
	EndGlobalSection
EndGlobal
